// !$*UTF8*$!
{
	archiveVersion = 1;
	classes = {
	};
	objectVersion = 52;
	objects = {

/* Begin PBXBuildFile section */
		06345C7525CEF15F00DF7647 /* Rilabs_UITestingApp.swift in Sources */ = {isa = PBXBuildFile; fileRef = 06345C7425CEF15F00DF7647 /* Rilabs_UITestingApp.swift */; };
		06345C7725CEF15F00DF7647 /* ContentView.swift in Sources */ = {isa = PBXBuildFile; fileRef = 06345C7625CEF15F00DF7647 /* ContentView.swift */; };
		06345C7925CEF16000DF7647 /* Assets.xcassets in Resources */ = {isa = PBXBuildFile; fileRef = 06345C7825CEF16000DF7647 /* Assets.xcassets */; };
		06345C7C25CEF16000DF7647 /* Preview Assets.xcassets in Resources */ = {isa = PBXBuildFile; fileRef = 06345C7B25CEF16000DF7647 /* Preview Assets.xcassets */; };
		06345C8725CEF16000DF7647 /* Rilabs_UITestingTests.swift in Sources */ = {isa = PBXBuildFile; fileRef = 06345C8625CEF16000DF7647 /* Rilabs_UITestingTests.swift */; };
		06345C9225CEF16000DF7647 /* Rilabs_UITestingUITests.swift in Sources */ = {isa = PBXBuildFile; fileRef = 06345C9125CEF16000DF7647 /* Rilabs_UITestingUITests.swift */; };
		06345CA925CEF3B400DF7647 /* ContentViewTest.swift in Sources */ = {isa = PBXBuildFile; fileRef = 06345CA825CEF3B400DF7647 /* ContentViewTest.swift */; };
		06345CAD25CEF3D100DF7647 /* ContentView.swift in Sources */ = {isa = PBXBuildFile; fileRef = 06345C7625CEF15F00DF7647 /* ContentView.swift */; };
		06345CE925CEF6BF00DF7647 /* ViewInspector in Frameworks */ = {isa = PBXBuildFile; productRef = 06345CE825CEF6BF00DF7647 /* ViewInspector */; };
		06345CF125CEFC0500DF7647 /* GreetingViewTest.swift in Sources */ = {isa = PBXBuildFile; fileRef = 06345CF025CEFC0500DF7647 /* GreetingViewTest.swift */; };
/* End PBXBuildFile section */

/* Begin PBXContainerItemProxy section */
		06345C8325CEF16000DF7647 /* PBXContainerItemProxy */ = {
			isa = PBXContainerItemProxy;
			containerPortal = 06345C6925CEF15F00DF7647 /* Project object */;
			proxyType = 1;
			remoteGlobalIDString = 06345C7025CEF15F00DF7647;
			remoteInfo = "Rilabs UITesting";
		};
		06345C8E25CEF16000DF7647 /* PBXContainerItemProxy */ = {
			isa = PBXContainerItemProxy;
			containerPortal = 06345C6925CEF15F00DF7647 /* Project object */;
			proxyType = 1;
			remoteGlobalIDString = 06345C7025CEF15F00DF7647;
			remoteInfo = "Rilabs UITesting";
		};
/* End PBXContainerItemProxy section */

/* Begin PBXFileReference section */
		06345C7125CEF15F00DF7647 /* Rilabs UITesting.app */ = {isa = PBXFileReference; explicitFileType = wrapper.application; includeInIndex = 0; path = "Rilabs UITesting.app"; sourceTree = BUILT_PRODUCTS_DIR; };
		06345C7425CEF15F00DF7647 /* Rilabs_UITestingApp.swift */ = {isa = PBXFileReference; lastKnownFileType = sourcecode.swift; path = Rilabs_UITestingApp.swift; sourceTree = "<group>"; };
		06345C7625CEF15F00DF7647 /* ContentView.swift */ = {isa = PBXFileReference; lastKnownFileType = sourcecode.swift; path = ContentView.swift; sourceTree = "<group>"; };
		06345C7825CEF16000DF7647 /* Assets.xcassets */ = {isa = PBXFileReference; lastKnownFileType = folder.assetcatalog; path = Assets.xcassets; sourceTree = "<group>"; };
		06345C7B25CEF16000DF7647 /* Preview Assets.xcassets */ = {isa = PBXFileReference; lastKnownFileType = folder.assetcatalog; path = "Preview Assets.xcassets"; sourceTree = "<group>"; };
		06345C7D25CEF16000DF7647 /* Info.plist */ = {isa = PBXFileReference; lastKnownFileType = text.plist.xml; path = Info.plist; sourceTree = "<group>"; };
		06345C8225CEF16000DF7647 /* Rilabs UITestingTests.xctest */ = {isa = PBXFileReference; explicitFileType = wrapper.cfbundle; includeInIndex = 0; path = "Rilabs UITestingTests.xctest"; sourceTree = BUILT_PRODUCTS_DIR; };
		06345C8625CEF16000DF7647 /* Rilabs_UITestingTests.swift */ = {isa = PBXFileReference; lastKnownFileType = sourcecode.swift; path = Rilabs_UITestingTests.swift; sourceTree = "<group>"; };
		06345C8825CEF16000DF7647 /* Info.plist */ = {isa = PBXFileReference; lastKnownFileType = text.plist.xml; path = Info.plist; sourceTree = "<group>"; };
		06345C8D25CEF16000DF7647 /* Rilabs UITestingUITests.xctest */ = {isa = PBXFileReference; explicitFileType = wrapper.cfbundle; includeInIndex = 0; path = "Rilabs UITestingUITests.xctest"; sourceTree = BUILT_PRODUCTS_DIR; };
		06345C9125CEF16000DF7647 /* Rilabs_UITestingUITests.swift */ = {isa = PBXFileReference; lastKnownFileType = sourcecode.swift; path = Rilabs_UITestingUITests.swift; sourceTree = "<group>"; };
		06345C9325CEF16000DF7647 /* Info.plist */ = {isa = PBXFileReference; lastKnownFileType = text.plist.xml; path = Info.plist; sourceTree = "<group>"; };
		06345CA825CEF3B400DF7647 /* ContentViewTest.swift */ = {isa = PBXFileReference; lastKnownFileType = sourcecode.swift; path = ContentViewTest.swift; sourceTree = "<group>"; };
		06345CF025CEFC0500DF7647 /* GreetingViewTest.swift */ = {isa = PBXFileReference; lastKnownFileType = sourcecode.swift; path = GreetingViewTest.swift; sourceTree = "<group>"; };
/* End PBXFileReference section */

/* Begin PBXFrameworksBuildPhase section */
		06345C6E25CEF15F00DF7647 /* Frameworks */ = {
			isa = PBXFrameworksBuildPhase;
			buildActionMask = 2147483647;
			files = (
			);
			runOnlyForDeploymentPostprocessing = 0;
		};
		06345C7F25CEF16000DF7647 /* Frameworks */ = {
			isa = PBXFrameworksBuildPhase;
			buildActionMask = 2147483647;
			files = (
			);
			runOnlyForDeploymentPostprocessing = 0;
		};
		06345C8A25CEF16000DF7647 /* Frameworks */ = {
			isa = PBXFrameworksBuildPhase;
			buildActionMask = 2147483647;
			files = (
				06345CE925CEF6BF00DF7647 /* ViewInspector in Frameworks */,
			);
			runOnlyForDeploymentPostprocessing = 0;
		};
/* End PBXFrameworksBuildPhase section */

/* Begin PBXGroup section */
		06345C6825CEF15F00DF7647 = {
			isa = PBXGroup;
			children = (
				06345C7325CEF15F00DF7647 /* Rilabs UITesting */,
				06345C8525CEF16000DF7647 /* Rilabs UITestingTests */,
				06345C9025CEF16000DF7647 /* Rilabs UITestingUITests */,
				06345C7225CEF15F00DF7647 /* Products */,
				06345CC625CEF4D300DF7647 /* Frameworks */,
			);
			sourceTree = "<group>";
		};
		06345C7225CEF15F00DF7647 /* Products */ = {
			isa = PBXGroup;
			children = (
				06345C7125CEF15F00DF7647 /* Rilabs UITesting.app */,
				06345C8225CEF16000DF7647 /* Rilabs UITestingTests.xctest */,
				06345C8D25CEF16000DF7647 /* Rilabs UITestingUITests.xctest */,
			);
			name = Products;
			sourceTree = "<group>";
		};
		06345C7325CEF15F00DF7647 /* Rilabs UITesting */ = {
			isa = PBXGroup;
			children = (
				06345C7425CEF15F00DF7647 /* Rilabs_UITestingApp.swift */,
				06345C7625CEF15F00DF7647 /* ContentView.swift */,
				06345C7825CEF16000DF7647 /* Assets.xcassets */,
				06345C7D25CEF16000DF7647 /* Info.plist */,
				06345C7A25CEF16000DF7647 /* Preview Content */,
			);
			path = "Rilabs UITesting";
			sourceTree = "<group>";
		};
		06345C7A25CEF16000DF7647 /* Preview Content */ = {
			isa = PBXGroup;
			children = (
				06345C7B25CEF16000DF7647 /* Preview Assets.xcassets */,
			);
			path = "Preview Content";
			sourceTree = "<group>";
		};
		06345C8525CEF16000DF7647 /* Rilabs UITestingTests */ = {
			isa = PBXGroup;
			children = (
				06345C8625CEF16000DF7647 /* Rilabs_UITestingTests.swift */,
				06345C8825CEF16000DF7647 /* Info.plist */,
			);
			path = "Rilabs UITestingTests";
			sourceTree = "<group>";
		};
		06345C9025CEF16000DF7647 /* Rilabs UITestingUITests */ = {
			isa = PBXGroup;
			children = (
				06345C9125CEF16000DF7647 /* Rilabs_UITestingUITests.swift */,
				06345C9325CEF16000DF7647 /* Info.plist */,
				06345CA825CEF3B400DF7647 /* ContentViewTest.swift */,
				06345CF025CEFC0500DF7647 /* GreetingViewTest.swift */,
			);
			path = "Rilabs UITestingUITests";
			sourceTree = "<group>";
		};
		06345CC625CEF4D300DF7647 /* Frameworks */ = {
			isa = PBXGroup;
			children = (
			);
			name = Frameworks;
			sourceTree = "<group>";
		};
/* End PBXGroup section */

/* Begin PBXNativeTarget section */
		06345C7025CEF15F00DF7647 /* Rilabs UITesting */ = {
			isa = PBXNativeTarget;
			buildConfigurationList = 06345C9625CEF16000DF7647 /* Build configuration list for PBXNativeTarget "Rilabs UITesting" */;
			buildPhases = (
				06345C6D25CEF15F00DF7647 /* Sources */,
				06345C6E25CEF15F00DF7647 /* Frameworks */,
				06345C6F25CEF15F00DF7647 /* Resources */,
			);
			buildRules = (
			);
			dependencies = (
			);
			name = "Rilabs UITesting";
			packageProductDependencies = (
			);
			productName = "Rilabs UITesting";
			productReference = 06345C7125CEF15F00DF7647 /* Rilabs UITesting.app */;
			productType = "com.apple.product-type.application";
		};
		06345C8125CEF16000DF7647 /* Rilabs UITestingTests */ = {
			isa = PBXNativeTarget;
			buildConfigurationList = 06345C9925CEF16000DF7647 /* Build configuration list for PBXNativeTarget "Rilabs UITestingTests" */;
			buildPhases = (
				06345C7E25CEF16000DF7647 /* Sources */,
				06345C7F25CEF16000DF7647 /* Frameworks */,
				06345C8025CEF16000DF7647 /* Resources */,
			);
			buildRules = (
			);
			dependencies = (
				06345C8425CEF16000DF7647 /* PBXTargetDependency */,
			);
			name = "Rilabs UITestingTests";
			productName = "Rilabs UITestingTests";
			productReference = 06345C8225CEF16000DF7647 /* Rilabs UITestingTests.xctest */;
			productType = "com.apple.product-type.bundle.unit-test";
		};
		06345C8C25CEF16000DF7647 /* Rilabs UITestingUITests */ = {
			isa = PBXNativeTarget;
			buildConfigurationList = 06345C9C25CEF16000DF7647 /* Build configuration list for PBXNativeTarget "Rilabs UITestingUITests" */;
			buildPhases = (
				06345C8925CEF16000DF7647 /* Sources */,
				06345C8A25CEF16000DF7647 /* Frameworks */,
				06345C8B25CEF16000DF7647 /* Resources */,
			);
			buildRules = (
			);
			dependencies = (
				06345C8F25CEF16000DF7647 /* PBXTargetDependency */,
			);
			name = "Rilabs UITestingUITests";
			packageProductDependencies = (
				06345CE825CEF6BF00DF7647 /* ViewInspector */,
			);
			productName = "Rilabs UITestingUITests";
			productReference = 06345C8D25CEF16000DF7647 /* Rilabs UITestingUITests.xctest */;
			productType = "com.apple.product-type.bundle.ui-testing";
		};
/* End PBXNativeTarget section */

/* Begin PBXProject section */
		06345C6925CEF15F00DF7647 /* Project object */ = {
			isa = PBXProject;
			attributes = {
				LastSwiftUpdateCheck = 1240;
				LastUpgradeCheck = 1240;
				TargetAttributes = {
					06345C7025CEF15F00DF7647 = {
						CreatedOnToolsVersion = 12.4;
					};
					06345C8125CEF16000DF7647 = {
						CreatedOnToolsVersion = 12.4;
						TestTargetID = 06345C7025CEF15F00DF7647;
					};
					06345C8C25CEF16000DF7647 = {
						CreatedOnToolsVersion = 12.4;
						TestTargetID = 06345C7025CEF15F00DF7647;
					};
				};
			};
			buildConfigurationList = 06345C6C25CEF15F00DF7647 /* Build configuration list for PBXProject "Rilabs UITesting" */;
			compatibilityVersion = "Xcode 9.3";
			developmentRegion = en;
			hasScannedForEncodings = 0;
			knownRegions = (
				en,
				Base,
			);
			mainGroup = 06345C6825CEF15F00DF7647;
			packageReferences = (
				06345CE725CEF6BF00DF7647 /* XCRemoteSwiftPackageReference "ViewInspector" */,
			);
			productRefGroup = 06345C7225CEF15F00DF7647 /* Products */;
			projectDirPath = "";
			projectRoot = "";
			targets = (
				06345C7025CEF15F00DF7647 /* Rilabs UITesting */,
				06345C8125CEF16000DF7647 /* Rilabs UITestingTests */,
				06345C8C25CEF16000DF7647 /* Rilabs UITestingUITests */,
			);
		};
/* End PBXProject section */

/* Begin PBXResourcesBuildPhase section */
		06345C6F25CEF15F00DF7647 /* Resources */ = {
			isa = PBXResourcesBuildPhase;
			buildActionMask = 2147483647;
			files = (
				06345C7C25CEF16000DF7647 /* Preview Assets.xcassets in Resources */,
				06345C7925CEF16000DF7647 /* Assets.xcassets in Resources */,
			);
			runOnlyForDeploymentPostprocessing = 0;
		};
		06345C8025CEF16000DF7647 /* Resources */ = {
			isa = PBXResourcesBuildPhase;
			buildActionMask = 2147483647;
			files = (
			);
			runOnlyForDeploymentPostprocessing = 0;
		};
		06345C8B25CEF16000DF7647 /* Resources */ = {
			isa = PBXResourcesBuildPhase;
			buildActionMask = 2147483647;
			files = (
			);
			runOnlyForDeploymentPostprocessing = 0;
		};
/* End PBXResourcesBuildPhase section */

/* Begin PBXSourcesBuildPhase section */
		06345C6D25CEF15F00DF7647 /* Sources */ = {
			isa = PBXSourcesBuildPhase;
			buildActionMask = 2147483647;
			files = (
				06345C7725CEF15F00DF7647 /* ContentView.swift in Sources */,
				06345C7525CEF15F00DF7647 /* Rilabs_UITestingApp.swift in Sources */,
			);
			runOnlyForDeploymentPostprocessing = 0;
		};
		06345C7E25CEF16000DF7647 /* Sources */ = {
			isa = PBXSourcesBuildPhase;
			buildActionMask = 2147483647;
			files = (
				06345C8725CEF16000DF7647 /* Rilabs_UITestingTests.swift in Sources */,
			);
			runOnlyForDeploymentPostprocessing = 0;
		};
		06345C8925CEF16000DF7647 /* Sources */ = {
			isa = PBXSourcesBuildPhase;
			buildActionMask = 2147483647;
			files = (
				06345CA925CEF3B400DF7647 /* ContentViewTest.swift in Sources */,
				06345CF125CEFC0500DF7647 /* GreetingViewTest.swift in Sources */,
				06345C9225CEF16000DF7647 /* Rilabs_UITestingUITests.swift in Sources */,
				06345CAD25CEF3D100DF7647 /* ContentView.swift in Sources */,
			);
			runOnlyForDeploymentPostprocessing = 0;
		};
/* End PBXSourcesBuildPhase section */

/* Begin PBXTargetDependency section */
		06345C8425CEF16000DF7647 /* PBXTargetDependency */ = {
			isa = PBXTargetDependency;
			target = 06345C7025CEF15F00DF7647 /* Rilabs UITesting */;
			targetProxy = 06345C8325CEF16000DF7647 /* PBXContainerItemProxy */;
		};
		06345C8F25CEF16000DF7647 /* PBXTargetDependency */ = {
			isa = PBXTargetDependency;
			target = 06345C7025CEF15F00DF7647 /* Rilabs UITesting */;
			targetProxy = 06345C8E25CEF16000DF7647 /* PBXContainerItemProxy */;
		};
/* End PBXTargetDependency section */

/* Begin XCBuildConfiguration section */
		06345C9425CEF16000DF7647 /* Debug */ = {
			isa = XCBuildConfiguration;
			buildSettings = {
				ALWAYS_SEARCH_USER_PATHS = NO;
				CLANG_ANALYZER_NONNULL = YES;
				CLANG_ANALYZER_NUMBER_OBJECT_CONVERSION = YES_AGGRESSIVE;
				CLANG_CXX_LANGUAGE_STANDARD = "gnu++14";
				CLANG_CXX_LIBRARY = "libc++";
				CLANG_ENABLE_MODULES = YES;
				CLANG_ENABLE_OBJC_ARC = YES;
				CLANG_ENABLE_OBJC_WEAK = YES;
				CLANG_WARN_BLOCK_CAPTURE_AUTORELEASING = YES;
				CLANG_WARN_BOOL_CONVERSION = YES;
				CLANG_WARN_COMMA = YES;
				CLANG_WARN_CONSTANT_CONVERSION = YES;
				CLANG_WARN_DEPRECATED_OBJC_IMPLEMENTATIONS = YES;
				CLANG_WARN_DIRECT_OBJC_ISA_USAGE = YES_ERROR;
				CLANG_WARN_DOCUMENTATION_COMMENTS = YES;
				CLANG_WARN_EMPTY_BODY = YES;
				CLANG_WARN_ENUM_CONVERSION = YES;
				CLANG_WARN_INFINITE_RECURSION = YES;
				CLANG_WARN_INT_CONVERSION = YES;
				CLANG_WARN_NON_LITERAL_NULL_CONVERSION = YES;
				CLANG_WARN_OBJC_IMPLICIT_RETAIN_SELF = YES;
				CLANG_WARN_OBJC_LITERAL_CONVERSION = YES;
				CLANG_WARN_OBJC_ROOT_CLASS = YES_ERROR;
				CLANG_WARN_QUOTED_INCLUDE_IN_FRAMEWORK_HEADER = YES;
				CLANG_WARN_RANGE_LOOP_ANALYSIS = YES;
				CLANG_WARN_STRICT_PROTOTYPES = YES;
				CLANG_WARN_SUSPICIOUS_MOVE = YES;
				CLANG_WARN_UNGUARDED_AVAILABILITY = YES_AGGRESSIVE;
				CLANG_WARN_UNREACHABLE_CODE = YES;
				CLANG_WARN__DUPLICATE_METHOD_MATCH = YES;
				COPY_PHASE_STRIP = NO;
				DEBUG_INFORMATION_FORMAT = dwarf;
				ENABLE_STRICT_OBJC_MSGSEND = YES;
				ENABLE_TESTABILITY = YES;
				GCC_C_LANGUAGE_STANDARD = gnu11;
				GCC_DYNAMIC_NO_PIC = NO;
				GCC_NO_COMMON_BLOCKS = YES;
				GCC_OPTIMIZATION_LEVEL = 0;
				GCC_PREPROCESSOR_DEFINITIONS = (
					"DEBUG=1",
					"$(inherited)",
				);
				GCC_WARN_64_TO_32_BIT_CONVERSION = YES;
				GCC_WARN_ABOUT_RETURN_TYPE = YES_ERROR;
				GCC_WARN_UNDECLARED_SELECTOR = YES;
				GCC_WARN_UNINITIALIZED_AUTOS = YES_AGGRESSIVE;
				GCC_WARN_UNUSED_FUNCTION = YES;
				GCC_WARN_UNUSED_VARIABLE = YES;
				IPHONEOS_DEPLOYMENT_TARGET = 14.3;
				MTL_ENABLE_DEBUG_INFO = INCLUDE_SOURCE;
				MTL_FAST_MATH = YES;
				ONLY_ACTIVE_ARCH = YES;
				SDKROOT = iphoneos;
				SWIFT_ACTIVE_COMPILATION_CONDITIONS = DEBUG;
				SWIFT_OPTIMIZATION_LEVEL = "-Onone";
			};
			name = Debug;
		};
		06345C9525CEF16000DF7647 /* Release */ = {
			isa = XCBuildConfiguration;
			buildSettings = {
				ALWAYS_SEARCH_USER_PATHS = NO;
				CLANG_ANALYZER_NONNULL = YES;
				CLANG_ANALYZER_NUMBER_OBJECT_CONVERSION = YES_AGGRESSIVE;
				CLANG_CXX_LANGUAGE_STANDARD = "gnu++14";
				CLANG_CXX_LIBRARY = "libc++";
				CLANG_ENABLE_MODULES = YES;
				CLANG_ENABLE_OBJC_ARC = YES;
				CLANG_ENABLE_OBJC_WEAK = YES;
				CLANG_WARN_BLOCK_CAPTURE_AUTORELEASING = YES;
				CLANG_WARN_BOOL_CONVERSION = YES;
				CLANG_WARN_COMMA = YES;
				CLANG_WARN_CONSTANT_CONVERSION = YES;
				CLANG_WARN_DEPRECATED_OBJC_IMPLEMENTATIONS = YES;
				CLANG_WARN_DIRECT_OBJC_ISA_USAGE = YES_ERROR;
				CLANG_WARN_DOCUMENTATION_COMMENTS = YES;
				CLANG_WARN_EMPTY_BODY = YES;
				CLANG_WARN_ENUM_CONVERSION = YES;
				CLANG_WARN_INFINITE_RECURSION = YES;
				CLANG_WARN_INT_CONVERSION = YES;
				CLANG_WARN_NON_LITERAL_NULL_CONVERSION = YES;
				CLANG_WARN_OBJC_IMPLICIT_RETAIN_SELF = YES;
				CLANG_WARN_OBJC_LITERAL_CONVERSION = YES;
				CLANG_WARN_OBJC_ROOT_CLASS = YES_ERROR;
				CLANG_WARN_QUOTED_INCLUDE_IN_FRAMEWORK_HEADER = YES;
				CLANG_WARN_RANGE_LOOP_ANALYSIS = YES;
				CLANG_WARN_STRICT_PROTOTYPES = YES;
				CLANG_WARN_SUSPICIOUS_MOVE = YES;
				CLANG_WARN_UNGUARDED_AVAILABILITY = YES_AGGRESSIVE;
				CLANG_WARN_UNREACHABLE_CODE = YES;
				CLANG_WARN__DUPLICATE_METHOD_MATCH = YES;
				COPY_PHASE_STRIP = NO;
				DEBUG_INFORMATION_FORMAT = "dwarf-with-dsym";
				ENABLE_NS_ASSERTIONS = NO;
				ENABLE_STRICT_OBJC_MSGSEND = YES;
				GCC_C_LANGUAGE_STANDARD = gnu11;
				GCC_NO_COMMON_BLOCKS = YES;
				GCC_WARN_64_TO_32_BIT_CONVERSION = YES;
				GCC_WARN_ABOUT_RETURN_TYPE = YES_ERROR;
				GCC_WARN_UNDECLARED_SELECTOR = YES;
				GCC_WARN_UNINITIALIZED_AUTOS = YES_AGGRESSIVE;
				GCC_WARN_UNUSED_FUNCTION = YES;
				GCC_WARN_UNUSED_VARIABLE = YES;
				IPHONEOS_DEPLOYMENT_TARGET = 14.3;
				MTL_ENABLE_DEBUG_INFO = NO;
				MTL_FAST_MATH = YES;
				SDKROOT = iphoneos;
				SWIFT_COMPILATION_MODE = wholemodule;
				SWIFT_OPTIMIZATION_LEVEL = "-O";
				VALIDATE_PRODUCT = YES;
			};
			name = Release;
		};
		06345C9725CEF16000DF7647 /* Debug */ = {
			isa = XCBuildConfiguration;
			buildSettings = {
				ASSETCATALOG_COMPILER_APPICON_NAME = AppIcon;
				ASSETCATALOG_COMPILER_GLOBAL_ACCENT_COLOR_NAME = AccentColor;
				CODE_SIGN_STYLE = Automatic;
				DEVELOPMENT_ASSET_PATHS = "\"Rilabs UITesting/Preview Content\"";
				DEVELOPMENT_TEAM = 5P7378L7B8;
				ENABLE_PREVIEWS = YES;
				INFOPLIST_FILE = "Rilabs UITesting/Info.plist";
				IPHONEOS_DEPLOYMENT_TARGET = 14.0;
				LD_RUNPATH_SEARCH_PATHS = (
					"$(inherited)",
					"@executable_path/Frameworks",
				);
				PRODUCT_BUNDLE_IDENTIFIER = "com.arisupriatna.Rilabs-UITesting";
				PRODUCT_NAME = "$(TARGET_NAME)";
				SWIFT_VERSION = 5.0;
				TARGETED_DEVICE_FAMILY = "1,2";
			};
			name = Debug;
		};
		06345C9825CEF16000DF7647 /* Release */ = {
			isa = XCBuildConfiguration;
			buildSettings = {
				ASSETCATALOG_COMPILER_APPICON_NAME = AppIcon;
				ASSETCATALOG_COMPILER_GLOBAL_ACCENT_COLOR_NAME = AccentColor;
				CODE_SIGN_STYLE = Automatic;
				DEVELOPMENT_ASSET_PATHS = "\"Rilabs UITesting/Preview Content\"";
				DEVELOPMENT_TEAM = 5P7378L7B8;
				ENABLE_PREVIEWS = YES;
				INFOPLIST_FILE = "Rilabs UITesting/Info.plist";
				IPHONEOS_DEPLOYMENT_TARGET = 14.0;
				LD_RUNPATH_SEARCH_PATHS = (
					"$(inherited)",
					"@executable_path/Frameworks",
				);
				PRODUCT_BUNDLE_IDENTIFIER = "com.arisupriatna.Rilabs-UITesting";
				PRODUCT_NAME = "$(TARGET_NAME)";
				SWIFT_VERSION = 5.0;
				TARGETED_DEVICE_FAMILY = "1,2";
			};
			name = Release;
		};
		06345C9A25CEF16000DF7647 /* Debug */ = {
			isa = XCBuildConfiguration;
			buildSettings = {
				ALWAYS_EMBED_SWIFT_STANDARD_LIBRARIES = YES;
				BUNDLE_LOADER = "$(TEST_HOST)";
				CODE_SIGN_STYLE = Automatic;
				DEVELOPMENT_TEAM = 5P7378L7B8;
				INFOPLIST_FILE = "Rilabs UITestingTests/Info.plist";
				IPHONEOS_DEPLOYMENT_TARGET = 14.0;
				LD_RUNPATH_SEARCH_PATHS = (
					"$(inherited)",
					"@executable_path/Frameworks",
					"@loader_path/Frameworks",
				);
				PRODUCT_BUNDLE_IDENTIFIER = "com.arisupriatna.Rilabs-UITestingTests";
				PRODUCT_NAME = "$(TARGET_NAME)";
				SWIFT_VERSION = 5.0;
				TARGETED_DEVICE_FAMILY = "1,2";
				TEST_HOST = "$(BUILT_PRODUCTS_DIR)/Rilabs UITesting.app/Rilabs UITesting";
			};
			name = Debug;
		};
		06345C9B25CEF16000DF7647 /* Release */ = {
			isa = XCBuildConfiguration;
			buildSettings = {
				ALWAYS_EMBED_SWIFT_STANDARD_LIBRARIES = YES;
				BUNDLE_LOADER = "$(TEST_HOST)";
				CODE_SIGN_STYLE = Automatic;
				DEVELOPMENT_TEAM = 5P7378L7B8;
				INFOPLIST_FILE = "Rilabs UITestingTests/Info.plist";
				IPHONEOS_DEPLOYMENT_TARGET = 14.0;
				LD_RUNPATH_SEARCH_PATHS = (
					"$(inherited)",
					"@executable_path/Frameworks",
					"@loader_path/Frameworks",
				);
				PRODUCT_BUNDLE_IDENTIFIER = "com.arisupriatna.Rilabs-UITestingTests";
				PRODUCT_NAME = "$(TARGET_NAME)";
				SWIFT_VERSION = 5.0;
				TARGETED_DEVICE_FAMILY = "1,2";
				TEST_HOST = "$(BUILT_PRODUCTS_DIR)/Rilabs UITesting.app/Rilabs UITesting";
			};
			name = Release;
		};
		06345C9D25CEF16000DF7647 /* Debug */ = {
			isa = XCBuildConfiguration;
			buildSettings = {
				ALWAYS_EMBED_SWIFT_STANDARD_LIBRARIES = YES;
				CODE_SIGN_STYLE = Automatic;
				DEVELOPMENT_TEAM = 5P7378L7B8;
				INFOPLIST_FILE = "Rilabs UITestingUITests/Info.plist";
				LD_RUNPATH_SEARCH_PATHS = (
					"$(inherited)",
					"@executable_path/Frameworks",
					"@loader_path/Frameworks",
				);
				PRODUCT_BUNDLE_IDENTIFIER = "com.arisupriatna.Rilabs-UITestingUITests";
				PRODUCT_NAME = "$(TARGET_NAME)";
				SWIFT_VERSION = 5.0;
				TARGETED_DEVICE_FAMILY = "1,2";
				TEST_TARGET_NAME = "Rilabs UITesting";
			};
			name = Debug;
		};
		06345C9E25CEF16000DF7647 /* Release */ = {
			isa = XCBuildConfiguration;
			buildSettings = {
				ALWAYS_EMBED_SWIFT_STANDARD_LIBRARIES = YES;
				CODE_SIGN_STYLE = Automatic;
				DEVELOPMENT_TEAM = 5P7378L7B8;
				INFOPLIST_FILE = "Rilabs UITestingUITests/Info.plist";
				LD_RUNPATH_SEARCH_PATHS = (
					"$(inherited)",
					"@executable_path/Frameworks",
					"@loader_path/Frameworks",
				);
				PRODUCT_BUNDLE_IDENTIFIER = "com.arisupriatna.Rilabs-UITestingUITests";
				PRODUCT_NAME = "$(TARGET_NAME)";
				SWIFT_VERSION = 5.0;
				TARGETED_DEVICE_FAMILY = "1,2";
				TEST_TARGET_NAME = "Rilabs UITesting";
			};
			name = Release;
		};
/* End XCBuildConfiguration section */

/* Begin XCConfigurationList section */
		06345C6C25CEF15F00DF7647 /* Build configuration list for PBXProject "Rilabs UITesting" */ = {
			isa = XCConfigurationList;
			buildConfigurations = (
				06345C9425CEF16000DF7647 /* Debug */,
				06345C9525CEF16000DF7647 /* Release */,
			);
			defaultConfigurationIsVisible = 0;
			defaultConfigurationName = Release;
		};
		06345C9625CEF16000DF7647 /* Build configuration list for PBXNativeTarget "Rilabs UITesting" */ = {
			isa = XCConfigurationList;
			buildConfigurations = (
				06345C9725CEF16000DF7647 /* Debug */,
				06345C9825CEF16000DF7647 /* Release */,
			);
			defaultConfigurationIsVisible = 0;
			defaultConfigurationName = Release;
		};
		06345C9925CEF16000DF7647 /* Build configuration list for PBXNativeTarget "Rilabs UITestingTests" */ = {
			isa = XCConfigurationList;
			buildConfigurations = (
				06345C9A25CEF16000DF7647 /* Debug */,
				06345C9B25CEF16000DF7647 /* Release */,
			);
			defaultConfigurationIsVisible = 0;
			defaultConfigurationName = Release;
		};
		06345C9C25CEF16000DF7647 /* Build configuration list for PBXNativeTarget "Rilabs UITestingUITests" */ = {
			isa = XCConfigurationList;
			buildConfigurations = (
				06345C9D25CEF16000DF7647 /* Debug */,
				06345C9E25CEF16000DF7647 /* Release */,
			);
			defaultConfigurationIsVisible = 0;
			defaultConfigurationName = Release;
		};
/* End XCConfigurationList section */

/* Begin XCRemoteSwiftPackageReference section */
		06345CE725CEF6BF00DF7647 /* XCRemoteSwiftPackageReference "ViewInspector" */ = {
			isa = XCRemoteSwiftPackageReference;
			repositoryURL = "https://github.com/nalexn/ViewInspector";
			requirement = {
				kind = upToNextMajorVersion;
				minimumVersion = 0.6.2;
			};
		};
/* End XCRemoteSwiftPackageReference section */

/* Begin XCSwiftPackageProductDependency section */
		06345CE825CEF6BF00DF7647 /* ViewInspector */ = {
			isa = XCSwiftPackageProductDependency;
			package = 06345CE725CEF6BF00DF7647 /* XCRemoteSwiftPackageReference "ViewInspector" */;
			productName = ViewInspector;
		};
/* End XCSwiftPackageProductDependency section */
	};
	rootObject = 06345C6925CEF15F00DF7647 /* Project object */;
}
